// !$*UTF8*$!
{
	archiveVersion = 1;
	classes = {
	};
	objectVersion = 50;
	objects = {

/* Begin PBXBuildFile section */
		210DF83222854A9900EE4702 /* AppDelegate.m in Sources */ = {isa = PBXBuildFile; fileRef = 210DF83122854A9900EE4702 /* AppDelegate.m */; };
		210DF83522854A9900EE4702 /* ViewController.m in Sources */ = {isa = PBXBuildFile; fileRef = 210DF83422854A9900EE4702 /* ViewController.m */; };
		210DF83822854A9900EE4702 /* Main.storyboard in Resources */ = {isa = PBXBuildFile; fileRef = 210DF83622854A9900EE4702 /* Main.storyboard */; };
		210DF83A22854A9A00EE4702 /* Assets.xcassets in Resources */ = {isa = PBXBuildFile; fileRef = 210DF83922854A9A00EE4702 /* Assets.xcassets */; };
		210DF83D22854A9A00EE4702 /* LaunchScreen.storyboard in Resources */ = {isa = PBXBuildFile; fileRef = 210DF83B22854A9A00EE4702 /* LaunchScreen.storyboard */; };
		210DF84022854A9A00EE4702 /* main.m in Sources */ = {isa = PBXBuildFile; fileRef = 210DF83F22854A9A00EE4702 /* main.m */; };
/* End PBXBuildFile section */

/* Begin PBXFileReference section */
		210DF82D22854A9900EE4702 /* ProxyDemo.app */ = {isa = PBXFileReference; explicitFileType = wrapper.application; includeInIndex = 0; path = ProxyDemo.app; sourceTree = BUILT_PRODUCTS_DIR; };
		210DF83022854A9900EE4702 /* AppDelegate.h */ = {isa = PBXFileReference; lastKnownFileType = sourcecode.c.h; path = AppDelegate.h; sourceTree = "<group>"; };
		210DF83122854A9900EE4702 /* AppDelegate.m */ = {isa = PBXFileReference; lastKnownFileType = sourcecode.c.objc; path = AppDelegate.m; sourceTree = "<group>"; };
		210DF83322854A9900EE4702 /* ViewController.h */ = {isa = PBXFileReference; lastKnownFileType = sourcecode.c.h; path = ViewController.h; sourceTree = "<group>"; };
		210DF83422854A9900EE4702 /* ViewController.m */ = {isa = PBXFileReference; lastKnownFileType = sourcecode.c.objc; path = ViewController.m; sourceTree = "<group>"; };
		210DF83722854A9900EE4702 /* Base */ = {isa = PBXFileReference; lastKnownFileType = file.storyboard; name = Base; path = Base.lproj/Main.storyboard; sourceTree = "<group>"; };
		210DF83922854A9A00EE4702 /* Assets.xcassets */ = {isa = PBXFileReference; lastKnownFileType = folder.assetcatalog; path = Assets.xcassets; sourceTree = "<group>"; };
		210DF83C22854A9A00EE4702 /* Base */ = {isa = PBXFileReference; lastKnownFileType = file.storyboard; name = Base; path = Base.lproj/LaunchScreen.storyboard; sourceTree = "<group>"; };
		210DF83E22854A9A00EE4702 /* Info.plist */ = {isa = PBXFileReference; lastKnownFileType = text.plist.xml; path = Info.plist; sourceTree = "<group>"; };
		210DF83F22854A9A00EE4702 /* main.m */ = {isa = PBXFileReference; lastKnownFileType = sourcecode.c.objc; path = main.m; sourceTree = "<group>"; };
/* End PBXFileReference section */

/* Begin PBXFrameworksBuildPhase section */
		210DF82A22854A9900EE4702 /* Frameworks */ = {
			isa = PBXFrameworksBuildPhase;
			buildActionMask = 2147483647;
			files = (
			);
			runOnlyForDeploymentPostprocessing = 0;
		};
/* End PBXFrameworksBuildPhase section */

/* Begin PBXGroup section */
		210DF82422854A9900EE4702 = {
			isa = PBXGroup;
			children = (
				210DF82F22854A9900EE4702 /* ProxyDemo */,
				210DF82E22854A9900EE4702 /* Products */,
			);
			sourceTree = "<group>";
		};
		210DF82E22854A9900EE4702 /* Products */ = {
			isa = PBXGroup;
			children = (
				210DF82D22854A9900EE4702 /* ProxyDemo.app */,
			);
			name = Products;
			sourceTree = "<group>";
		};
		210DF82F22854A9900EE4702 /* ProxyDemo */ = {
			isa = PBXGroup;
			children = (
				210DF83022854A9900EE4702 /* AppDelegate.h */,
				210DF83122854A9900EE4702 /* AppDelegate.m */,
				210DF83322854A9900EE4702 /* ViewController.h */,
				210DF83422854A9900EE4702 /* ViewController.m */,
				210DF83622854A9900EE4702 /* Main.storyboard */,
				210DF83922854A9A00EE4702 /* Assets.xcassets */,
				210DF83B22854A9A00EE4702 /* LaunchScreen.storyboard */,
				210DF83E22854A9A00EE4702 /* Info.plist */,
				210DF83F22854A9A00EE4702 /* main.m */,
			);
			path = ProxyDemo;
			sourceTree = "<group>";
		};
/* End PBXGroup section */

/* Begin PBXNativeTarget section */
		210DF82C22854A9900EE4702 /* ProxyDemo */ = {
			isa = PBXNativeTarget;
			buildConfigurationList = 210DF84322854A9A00EE4702 /* Build configuration list for PBXNativeTarget "ProxyDemo" */;
			buildPhases = (
				210DF82922854A9900EE4702 /* Sources */,
				210DF82A22854A9900EE4702 /* Frameworks */,
				210DF82B22854A9900EE4702 /* Resources */,
			);
			buildRules = (
			);
			dependencies = (
			);
			name = ProxyDemo;
			productName = ProxyDemo;
			productReference = 210DF82D22854A9900EE4702 /* ProxyDemo.app */;
			productType = "com.apple.product-type.application";
		};
/* End PBXNativeTarget section */

/* Begin PBXProject section */
		210DF82522854A9900EE4702 /* Project object */ = {
			isa = PBXProject;
			attributes = {
				LastUpgradeCheck = 1020;
				ORGANIZATIONNAME = zhouyun;
				TargetAttributes = {
					210DF82C22854A9900EE4702 = {
						CreatedOnToolsVersion = 10.2;
					};
				};
			};
			buildConfigurationList = 210DF82822854A9900EE4702 /* Build configuration list for PBXProject "ProxyDemo" */;
			compatibilityVersion = "Xcode 9.3";
			developmentRegion = en;
			hasScannedForEncodings = 0;
			knownRegions = (
				en,
				Base,
			);
			mainGroup = 210DF82422854A9900EE4702;
			productRefGroup = 210DF82E22854A9900EE4702 /* Products */;
			projectDirPath = "";
			projectRoot = "";
			targets = (
				210DF82C22854A9900EE4702 /* ProxyDemo */,
			);
		};
/* End PBXProject section */

/* Begin PBXResourcesBuildPhase section */
		210DF82B22854A9900EE4702 /* Resources */ = {
			isa = PBXResourcesBuildPhase;
			buildActionMask = 2147483647;
			files = (
				210DF83D22854A9A00EE4702 /* LaunchScreen.storyboard in Resources */,
				210DF83A22854A9A00EE4702 /* Assets.xcassets in Resources */,
				210DF83822854A9900EE4702 /* Main.storyboard in Resources */,
			);
			runOnlyForDeploymentPostprocessing = 0;
		};
/* End PBXResourcesBuildPhase section */

/* Begin PBXSourcesBuildPhase section */
		210DF82922854A9900EE4702 /* Sources */ = {
			isa = PBXSourcesBuildPhase;
			buildActionMask = 2147483647;
			files = (
				210DF83522854A9900EE4702 /* ViewController.m in Sources */,
				210DF84022854A9A00EE4702 /* main.m in Sources */,
				210DF83222854A9900EE4702 /* AppDelegate.m in Sources */,
			);
			runOnlyForDeploymentPostprocessing = 0;
		};
/* End PBXSourcesBuildPhase section */

/* Begin PBXVariantGroup section */
		210DF83622854A9900EE4702 /* Main.storyboard */ = {
			isa = PBXVariantGroup;
			children = (
				210DF83722854A9900EE4702 /* Base */,
			);
			name = Main.storyboard;
			sourceTree = "<group>";
		};
		210DF83B22854A9A00EE4702 /* LaunchScreen.storyboard */ = {
			isa = PBXVariantGroup;
			children = (
				210DF83C22854A9A00EE4702 /* Base */,
			);
			name = LaunchScreen.storyboard;
			sourceTree = "<group>";
		};
/* End PBXVariantGroup section */

/* Begin XCBuildConfiguration section */
		210DF84122854A9A00EE4702 /* Debug */ = {
			isa = XCBuildConfiguration;
			buildSettings = {
				ALWAYS_SEARCH_USER_PATHS = NO;
				CLANG_ANALYZER_NONNULL = YES;
				CLANG_ANALYZER_NUMBER_OBJECT_CONVERSION = YES_AGGRESSIVE;
				CLANG_CXX_LANGUAGE_STANDARD = "gnu++14";
				CLANG_CXX_LIBRARY = "libc++";
				CLANG_ENABLE_MODULES = YES;
				CLANG_ENABLE_OBJC_ARC = YES;
				CLANG_ENABLE_OBJC_WEAK = YES;
				CLANG_WARN_BLOCK_CAPTURE_AUTORELEASING = YES;
				CLANG_WARN_BOOL_CONVERSION = YES;
				CLANG_WARN_COMMA = YES;
				CLANG_WARN_CONSTANT_CONVERSION = YES;
				CLANG_WARN_DEPRECATED_OBJC_IMPLEMENTATIONS = YES;
				CLANG_WARN_DIRECT_OBJC_ISA_USAGE = YES_ERROR;
				CLANG_WARN_DOCUMENTATION_COMMENTS = YES;
				CLANG_WARN_EMPTY_BODY = YES;
				CLANG_WARN_ENUM_CONVERSION = YES;
				CLANG_WARN_INFINITE_RECURSION = YES;
				CLANG_WARN_INT_CONVERSION = YES;
				CLANG_WARN_NON_LITERAL_NULL_CONVERSION = YES;
				CLANG_WARN_OBJC_IMPLICIT_RETAIN_SELF = YES;
				CLANG_WARN_OBJC_LITERAL_CONVERSION = YES;
				CLANG_WARN_OBJC_ROOT_CLASS = YES_ERROR;
				CLANG_WARN_RANGE_LOOP_ANALYSIS = YES;
				CLANG_WARN_STRICT_PROTOTYPES = YES;
				CLANG_WARN_SUSPICIOUS_MOVE = YES;
				CLANG_WARN_UNGUARDED_AVAILABILITY = YES_AGGRESSIVE;
				CLANG_WARN_UNREACHABLE_CODE = YES;
				CLANG_WARN__DUPLICATE_METHOD_MATCH = YES;
				CODE_SIGN_IDENTITY = "iPhone Developer";
				COPY_PHASE_STRIP = NO;
				DEBUG_INFORMATION_FORMAT = dwarf;
				ENABLE_STRICT_OBJC_MSGSEND = YES;
				ENABLE_TESTABILITY = YES;
				GCC_C_LANGUAGE_STANDARD = gnu11;
				GCC_DYNAMIC_NO_PIC = NO;
				GCC_NO_COMMON_BLOCKS = YES;
				GCC_OPTIMIZATION_LEVEL = 0;
				GCC_PREPROCESSOR_DEFINITIONS = (
					"DEBUG=1",
					"$(inherited)",
				);
				GCC_WARN_64_TO_32_BIT_CONVERSION = YES;
				GCC_WARN_ABOUT_RETURN_TYPE = YES_ERROR;
				GCC_WARN_UNDECLARED_SELECTOR = YES;
				GCC_WARN_UNINITIALIZED_AUTOS = YES_AGGRESSIVE;
				GCC_WARN_UNUSED_FUNCTION = YES;
				GCC_WARN_UNUSED_VARIABLE = YES;
				IPHONEOS_DEPLOYMENT_TARGET = 12.2;
				MTL_ENABLE_DEBUG_INFO = INCLUDE_SOURCE;
				MTL_FAST_MATH = YES;
				ONLY_ACTIVE_ARCH = YES;
				SDKROOT = iphoneos;
			};
			name = Debug;
		};
		210DF84222854A9A00EE4702 /* Release */ = {
			isa = XCBuildConfiguration;
			buildSettings = {
				ALWAYS_SEARCH_USER_PATHS = NO;
				CLANG_ANALYZER_NONNULL = YES;
				CLANG_ANALYZER_NUMBER_OBJECT_CONVERSION = YES_AGGRESSIVE;
				CLANG_CXX_LANGUAGE_STANDARD = "gnu++14";
				CLANG_CXX_LIBRARY = "libc++";
				CLANG_ENABLE_MODULES = YES;
				CLANG_ENABLE_OBJC_ARC = YES;
				CLANG_ENABLE_OBJC_WEAK = YES;
				CLANG_WARN_BLOCK_CAPTURE_AUTORELEASING = YES;
				CLANG_WARN_BOOL_CONVERSION = YES;
				CLANG_WARN_COMMA = YES;
				CLANG_WARN_CONSTANT_CONVERSION = YES;
				CLANG_WARN_DEPRECATED_OBJC_IMPLEMENTATIONS = YES;
				CLANG_WARN_DIRECT_OBJC_ISA_USAGE = YES_ERROR;
				CLANG_WARN_DOCUMENTATION_COMMENTS = YES;
				CLANG_WARN_EMPTY_BODY = YES;
				CLANG_WARN_ENUM_CONVERSION = YES;
				CLANG_WARN_INFINITE_RECURSION = YES;
				CLANG_WARN_INT_CONVERSION = YES;
				CLANG_WARN_NON_LITERAL_NULL_CONVERSION = YES;
				CLANG_WARN_OBJC_IMPLICIT_RETAIN_SELF = YES;
				CLANG_WARN_OBJC_LITERAL_CONVERSION = YES;
				CLANG_WARN_OBJC_ROOT_CLASS = YES_ERROR;
				CLANG_WARN_RANGE_LOOP_ANALYSIS = YES;
				CLANG_WARN_STRICT_PROTOTYPES = YES;
				CLANG_WARN_SUSPICIOUS_MOVE = YES;
				CLANG_WARN_UNGUARDED_AVAILABILITY = YES_AGGRESSIVE;
				CLANG_WARN_UNREACHABLE_CODE = YES;
				CLANG_WARN__DUPLICATE_METHOD_MATCH = YES;
				CODE_SIGN_IDENTITY = "iPhone Developer";
				COPY_PHASE_STRIP = NO;
				DEBUG_INFORMATION_FORMAT = "dwarf-with-dsym";
				ENABLE_NS_ASSERTIONS = NO;
				ENABLE_STRICT_OBJC_MSGSEND = YES;
				GCC_C_LANGUAGE_STANDARD = gnu11;
				GCC_NO_COMMON_BLOCKS = YES;
				GCC_WARN_64_TO_32_BIT_CONVERSION = YES;
				GCC_WARN_ABOUT_RETURN_TYPE = YES_ERROR;
				GCC_WARN_UNDECLARED_SELECTOR = YES;
				GCC_WARN_UNINITIALIZED_AUTOS = YES_AGGRESSIVE;
				GCC_WARN_UNUSED_FUNCTION = YES;
				GCC_WARN_UNUSED_VARIABLE = YES;
				IPHONEOS_DEPLOYMENT_TARGET = 12.2;
				MTL_ENABLE_DEBUG_INFO = NO;
				MTL_FAST_MATH = YES;
				SDKROOT = iphoneos;
				VALIDATE_PRODUCT = YES;
			};
			name = Release;
		};
		210DF84422854A9A00EE4702 /* Debug */ = {
			isa = XCBuildConfiguration;
			buildSettings = {
				ASSETCATALOG_COMPILER_APPICON_NAME = AppIcon;
				CODE_SIGN_STYLE = Automatic;
				INFOPLIST_FILE = ProxyDemo/Info.plist;
				LD_RUNPATH_SEARCH_PATHS = (
					"$(inherited)",
					"@executable_path/Frameworks",
				);
				PRODUCT_BUNDLE_IDENTIFIER = com.nongfadai..ProxyDemo;
				PRODUCT_NAME = "$(TARGET_NAME)";
				TARGETED_DEVICE_FAMILY = "1,2";
			};
			name = Debug;
		};
		210DF84522854A9A00EE4702 /* Release */ = {
			isa = XCBuildConfiguration;
			buildSettings = {
				ASSETCATALOG_COMPILER_APPICON_NAME = AppIcon;
				CODE_SIGN_STYLE = Automatic;
				INFOPLIST_FILE = ProxyDemo/Info.plist;
				LD_RUNPATH_SEARCH_PATHS = (
					"$(inherited)",
					"@executable_path/Frameworks",
				);
				PRODUCT_BUNDLE_IDENTIFIER = com.nongfadai..ProxyDemo;
				PRODUCT_NAME = "$(TARGET_NAME)";
				TARGETED_DEVICE_FAMILY = "1,2";
			};
			name = Release;
		};
/* End XCBuildConfiguration section */

/* Begin XCConfigurationList section */
		210DF82822854A9900EE4702 /* Build configuration list for PBXProject "ProxyDemo" */ = {
			isa = XCConfigurationList;
			buildConfigurations = (
				210DF84122854A9A00EE4702 /* Debug */,
				210DF84222854A9A00EE4702 /* Release */,
			);
			defaultConfigurationIsVisible = 0;
			defaultConfigurationName = Release;
		};
		210DF84322854A9A00EE4702 /* Build configuration list for PBXNativeTarget "ProxyDemo" */ = {
			isa = XCConfigurationList;
			buildConfigurations = (
				210DF84422854A9A00EE4702 /* Debug */,
				210DF84522854A9A00EE4702 /* Release */,
			);
			defaultConfigurationIsVisible = 0;
			defaultConfigurationName = Release;
		};
/* End XCConfigurationList section */
	};
	rootObject = 210DF82522854A9900EE4702 /* Project object */;
}
